{
  "requires": true,
  "lockfileVersion": 1,
  "dependencies": {
    "babylonjs": {
      "version": "5.29.0",
      "resolved": "https://registry.npmjs.org/babylonjs/-/babylonjs-5.29.0.tgz",
      "integrity": "sha512-kVctP7LzkEwiAKeaqRhtv5uuNkIwDmWQCCaCsrtmw5ONZwZoUrczVWPgnB8WWt1MohEmrCtjxzobo5v2fXaBHw=="
    },
    "babylonjs-gltf2interface": {
      "version": "5.29.0",
      "resolved": "https://registry.npmjs.org/babylonjs-gltf2interface/-/babylonjs-gltf2interface-5.29.0.tgz",
      "integrity": "sha512-mm8/arB02mtmOFtXQwvYJlH2N28uSme2Yum7cv1HP06v193UeB/o5Zv6xS/KncIZbTlzWpp8rhwFgzlab1+K0A=="
    },
    "babylonjs-loaders": {
      "version": "5.29.0",
      "resolved": "https://registry.npmjs.org/babylonjs-loaders/-/babylonjs-loaders-5.29.0.tgz",
      "integrity": "sha512-EkSLaEs9LBvaiWMf61vmhBWl9QnDRbxSRxrGQN8upFr/GjF5L8YBuhNkdPK2wNO/2FoKvcxfqLlLL8hNXwEzWw==",
      "requires": {
        "babylonjs": "^5.29.0",
        "babylonjs-gltf2interface": "^5.29.0"
      }
    }
  }
}
