{
  "name": "server",
  "version": "1.0.0",
  "lockfileVersion": 2,
  "requires": true,
  "packages": {
    "": {
      "name": "server",
      "version": "1.0.0",
      "license": "ISC",
      "dependencies": {
        "babylonjs": "^5.26.1"
      }
    },
    "node_modules/babylonjs": {
      "version": "5.26.1",
      "resolved": "https://registry.npmjs.org/babylonjs/-/babylonjs-5.26.1.tgz",
      "integrity": "sha512-Qyr7UZW4XxJTFQZJZi2QkYrEIq0NzYITaMKOhpI++0XjacqYO0NAIPuGLykVSKdJseAwOPQIHvY/TfY2i/FjVA==",
      "hasInstallScript": true
    }
  },
  "dependencies": {
    "babylonjs": {
      "version": "5.26.1",
      "resolved": "https://registry.npmjs.org/babylonjs/-/babylonjs-5.26.1.tgz",
      "integrity": "sha512-Qyr7UZW4XxJTFQZJZi2QkYrEIq0NzYITaMKOhpI++0XjacqYO0NAIPuGLykVSKdJseAwOPQIHvY/TfY2i/FjVA=="
    }
  }
}
